
Microsoft Visual Studio Solution File, Format Version 12.00
# Visual Studio Version 17
VisualStudioVersion = 17.8.34330.188
MinimumVisualStudioVersion = 10.0.40219.1
Project("{888888A0-9F3D-457C-B088-3A5042F75D52}") = "reg_ja_aut", "reg_ja_aut\reg_ja_aut.pyproj", "{4183F6D5-7244-474B-91D9-0C0D3479943F}"
EndProject
Global
	GlobalSection(SolutionConfigurationPlatforms) = preSolution
		Debug|Any CPU = Debug|Any CPU
		Release|Any CPU = Release|Any CPU
	EndGlobalSection
	GlobalSection(ProjectConfigurationPlatforms) = postSolution
		{4183F6D5-7244-474B-91D9-0C0D3479943F}.Debug|Any CPU.ActiveCfg = Debug|Any CPU
		{4183F6D5-7244-474B-91D9-0C0D3479943F}.Release|Any CPU.ActiveCfg = Release|Any CPU
	EndGlobalSection
	GlobalSection(SolutionProperties) = preSolution
		HideSolutionNode = FALSE
	EndGlobalSection
	GlobalSection(ExtensibilityGlobals) = postSolution
		SolutionGuid = {A65909C7-C397-4DFB-866C-839057DB5ED8}
	EndGlobalSection
EndGlobal
